
Microsoft Visual Studio Solution File, Format Version 12.00
# Visual Studio Version 17
VisualStudioVersion = 17.8.34330.188
MinimumVisualStudioVersion = 10.0.40219.1
Project("{54A90642-561A-4BB1-A94E-469ADEE60C69}") = "web-games.client", "web-games.client\web-games.client.esproj", "{2A1F5E60-3789-4921-9E96-5614DD4B0255}"
EndProject
Global
	GlobalSection(SolutionConfigurationPlatforms) = preSolution
		Debug|Any CPU = Debug|Any CPU
		Release|Any CPU = Release|Any CPU
	EndGlobalSection
	GlobalSection(ProjectConfigurationPlatforms) = postSolution
		{2A1F5E60-3789-4921-9E96-5614DD4B0255}.Debug|Any CPU.ActiveCfg = Debug|Any CPU
		{2A1F5E60-3789-4921-9E96-5614DD4B0255}.Debug|Any CPU.Build.0 = Debug|Any CPU
		{2A1F5E60-3789-4921-9E96-5614DD4B0255}.Debug|Any CPU.Deploy.0 = Debug|Any CPU
		{2A1F5E60-3789-4921-9E96-5614DD4B0255}.Release|Any CPU.ActiveCfg = Release|Any CPU
		{2A1F5E60-3789-4921-9E96-5614DD4B0255}.Release|Any CPU.Build.0 = Release|Any CPU
		{2A1F5E60-3789-4921-9E96-5614DD4B0255}.Release|Any CPU.Deploy.0 = Release|Any CPU
	EndGlobalSection
	GlobalSection(SolutionProperties) = preSolution
		HideSolutionNode = FALSE
	EndGlobalSection
	GlobalSection(ExtensibilityGlobals) = postSolution
		SolutionGuid = {0E3979C1-4352-4E76-B7ED-BA843E98B615}
	EndGlobalSection
EndGlobal
